
Microsoft Visual Studio Solution File, Format Version 12.00
# Visual Studio Version 16
VisualStudioVersion = 16.0.30523.141
MinimumVisualStudioVersion = 10.0.40219.1
Project("{FAE04EC0-301F-11D3-BF4B-00C04F79EFBC}") = "FtpExercise", "FtpExercise\FtpExercise.csproj", "{AA144F91-DD1C-4D36-B863-FAFE5BC28D94}"
EndProject
Global
	GlobalSection(SolutionConfigurationPlatforms) = preSolution
		Debug|Any CPU = Debug|Any CPU
		Release|Any CPU = Release|Any CPU
	EndGlobalSection
	GlobalSection(ProjectConfigurationPlatforms) = postSolution
		{AA144F91-DD1C-4D36-B863-FAFE5BC28D94}.Debug|Any CPU.ActiveCfg = Debug|Any CPU
		{AA144F91-DD1C-4D36-B863-FAFE5BC28D94}.Debug|Any CPU.Build.0 = Debug|Any CPU
		{AA144F91-DD1C-4D36-B863-FAFE5BC28D94}.Release|Any CPU.ActiveCfg = Release|Any CPU
		{AA144F91-DD1C-4D36-B863-FAFE5BC28D94}.Release|Any CPU.Build.0 = Release|Any CPU
	EndGlobalSection
	GlobalSection(SolutionProperties) = preSolution
		HideSolutionNode = FALSE
	EndGlobalSection
	GlobalSection(ExtensibilityGlobals) = postSolution
		SolutionGuid = {C7FBEE5A-085A-41FA-AA6B-329C46C25379}
	EndGlobalSection
EndGlobal
